// !$*UTF8*$!
{
	archiveVersion = 1;
	classes = {
	};
	objectVersion = 46;
	objects = {

/* Begin PBXBuildFile section */
		463A92071E23213F005F7B52 /* AppDelegate.swift in Sources */ = {isa = PBXBuildFile; fileRef = 463A92061E23213F005F7B52 /* AppDelegate.swift */; };
		463A92091E23213F005F7B52 /* ViewController.swift in Sources */ = {isa = PBXBuildFile; fileRef = 463A92081E23213F005F7B52 /* ViewController.swift */; };
		463A920C1E23213F005F7B52 /* Main.storyboard in Resources */ = {isa = PBXBuildFile; fileRef = 463A920A1E23213F005F7B52 /* Main.storyboard */; };
		463A920E1E23213F005F7B52 /* Assets.xcassets in Resources */ = {isa = PBXBuildFile; fileRef = 463A920D1E23213F005F7B52 /* Assets.xcassets */; };
		463A92111E23213F005F7B52 /* LaunchScreen.storyboard in Resources */ = {isa = PBXBuildFile; fileRef = 463A920F1E23213F005F7B52 /* LaunchScreen.storyboard */; };
		463A921C1E23213F005F7B52 /* Photo_DemoTests.swift in Sources */ = {isa = PBXBuildFile; fileRef = 463A921B1E23213F005F7B52 /* Photo_DemoTests.swift */; };
		463A92271E23213F005F7B52 /* Photo_DemoUITests.swift in Sources */ = {isa = PBXBuildFile; fileRef = 463A92261E23213F005F7B52 /* Photo_DemoUITests.swift */; };
/* End PBXBuildFile section */

/* Begin PBXContainerItemProxy section */
		463A92181E23213F005F7B52 /* PBXContainerItemProxy */ = {
			isa = PBXContainerItemProxy;
			containerPortal = 463A91FB1E23213F005F7B52 /* Project object */;
			proxyType = 1;
			remoteGlobalIDString = 463A92021E23213F005F7B52;
			remoteInfo = "Photo Demo";
		};
		463A92231E23213F005F7B52 /* PBXContainerItemProxy */ = {
			isa = PBXContainerItemProxy;
			containerPortal = 463A91FB1E23213F005F7B52 /* Project object */;
			proxyType = 1;
			remoteGlobalIDString = 463A92021E23213F005F7B52;
			remoteInfo = "Photo Demo";
		};
/* End PBXContainerItemProxy section */

/* Begin PBXFileReference section */
		463A92031E23213F005F7B52 /* Photo Demo.app */ = {isa = PBXFileReference; explicitFileType = wrapper.application; includeInIndex = 0; path = "Photo Demo.app"; sourceTree = BUILT_PRODUCTS_DIR; };
		463A92061E23213F005F7B52 /* AppDelegate.swift */ = {isa = PBXFileReference; lastKnownFileType = sourcecode.swift; path = AppDelegate.swift; sourceTree = "<group>"; };
		463A92081E23213F005F7B52 /* ViewController.swift */ = {isa = PBXFileReference; lastKnownFileType = sourcecode.swift; path = ViewController.swift; sourceTree = "<group>"; };
		463A920B1E23213F005F7B52 /* Base */ = {isa = PBXFileReference; lastKnownFileType = file.storyboard; name = Base; path = Base.lproj/Main.storyboard; sourceTree = "<group>"; };
		463A920D1E23213F005F7B52 /* Assets.xcassets */ = {isa = PBXFileReference; lastKnownFileType = folder.assetcatalog; path = Assets.xcassets; sourceTree = "<group>"; };
		463A92101E23213F005F7B52 /* Base */ = {isa = PBXFileReference; lastKnownFileType = file.storyboard; name = Base; path = Base.lproj/LaunchScreen.storyboard; sourceTree = "<group>"; };
		463A92121E23213F005F7B52 /* Info.plist */ = {isa = PBXFileReference; lastKnownFileType = text.plist.xml; path = Info.plist; sourceTree = "<group>"; };
		463A92171E23213F005F7B52 /* Photo DemoTests.xctest */ = {isa = PBXFileReference; explicitFileType = wrapper.cfbundle; includeInIndex = 0; path = "Photo DemoTests.xctest"; sourceTree = BUILT_PRODUCTS_DIR; };
		463A921B1E23213F005F7B52 /* Photo_DemoTests.swift */ = {isa = PBXFileReference; lastKnownFileType = sourcecode.swift; path = Photo_DemoTests.swift; sourceTree = "<group>"; };
		463A921D1E23213F005F7B52 /* Info.plist */ = {isa = PBXFileReference; lastKnownFileType = text.plist.xml; path = Info.plist; sourceTree = "<group>"; };
		463A92221E23213F005F7B52 /* Photo DemoUITests.xctest */ = {isa = PBXFileReference; explicitFileType = wrapper.cfbundle; includeInIndex = 0; path = "Photo DemoUITests.xctest"; sourceTree = BUILT_PRODUCTS_DIR; };
		463A92261E23213F005F7B52 /* Photo_DemoUITests.swift */ = {isa = PBXFileReference; lastKnownFileType = sourcecode.swift; path = Photo_DemoUITests.swift; sourceTree = "<group>"; };
		463A92281E23213F005F7B52 /* Info.plist */ = {isa = PBXFileReference; lastKnownFileType = text.plist.xml; path = Info.plist; sourceTree = "<group>"; };
/* End PBXFileReference section */

/* Begin PBXFrameworksBuildPhase section */
		463A92001E23213F005F7B52 /* Frameworks */ = {
			isa = PBXFrameworksBuildPhase;
			buildActionMask = 2147483647;
			files = (
			);
			runOnlyForDeploymentPostprocessing = 0;
		};
		463A92141E23213F005F7B52 /* Frameworks */ = {
			isa = PBXFrameworksBuildPhase;
			buildActionMask = 2147483647;
			files = (
			);
			runOnlyForDeploymentPostprocessing = 0;
		};
		463A921F1E23213F005F7B52 /* Frameworks */ = {
			isa = PBXFrameworksBuildPhase;
			buildActionMask = 2147483647;
			files = (
			);
			runOnlyForDeploymentPostprocessing = 0;
		};
/* End PBXFrameworksBuildPhase section */

/* Begin PBXGroup section */
		463A91FA1E23213F005F7B52 = {
			isa = PBXGroup;
			children = (
				463A92051E23213F005F7B52 /* Photo Demo */,
				463A921A1E23213F005F7B52 /* Photo DemoTests */,
				463A92251E23213F005F7B52 /* Photo DemoUITests */,
				463A92041E23213F005F7B52 /* Products */,
			);
			sourceTree = "<group>";
		};
		463A92041E23213F005F7B52 /* Products */ = {
			isa = PBXGroup;
			children = (
				463A92031E23213F005F7B52 /* Photo Demo.app */,
				463A92171E23213F005F7B52 /* Photo DemoTests.xctest */,
				463A92221E23213F005F7B52 /* Photo DemoUITests.xctest */,
			);
			name = Products;
			sourceTree = "<group>";
		};
		463A92051E23213F005F7B52 /* Photo Demo */ = {
			isa = PBXGroup;
			children = (
				463A92061E23213F005F7B52 /* AppDelegate.swift */,
				463A92081E23213F005F7B52 /* ViewController.swift */,
				463A920A1E23213F005F7B52 /* Main.storyboard */,
				463A920D1E23213F005F7B52 /* Assets.xcassets */,
				463A920F1E23213F005F7B52 /* LaunchScreen.storyboard */,
				463A92121E23213F005F7B52 /* Info.plist */,
			);
			path = "Photo Demo";
			sourceTree = "<group>";
		};
		463A921A1E23213F005F7B52 /* Photo DemoTests */ = {
			isa = PBXGroup;
			children = (
				463A921B1E23213F005F7B52 /* Photo_DemoTests.swift */,
				463A921D1E23213F005F7B52 /* Info.plist */,
			);
			path = "Photo DemoTests";
			sourceTree = "<group>";
		};
		463A92251E23213F005F7B52 /* Photo DemoUITests */ = {
			isa = PBXGroup;
			children = (
				463A92261E23213F005F7B52 /* Photo_DemoUITests.swift */,
				463A92281E23213F005F7B52 /* Info.plist */,
			);
			path = "Photo DemoUITests";
			sourceTree = "<group>";
		};
/* End PBXGroup section */

/* Begin PBXNativeTarget section */
		463A92021E23213F005F7B52 /* Photo Demo */ = {
			isa = PBXNativeTarget;
			buildConfigurationList = 463A922B1E23213F005F7B52 /* Build configuration list for PBXNativeTarget "Photo Demo" */;
			buildPhases = (
				463A91FF1E23213F005F7B52 /* Sources */,
				463A92001E23213F005F7B52 /* Frameworks */,
				463A92011E23213F005F7B52 /* Resources */,
			);
			buildRules = (
			);
			dependencies = (
			);
			name = "Photo Demo";
			productName = "Photo Demo";
			productReference = 463A92031E23213F005F7B52 /* Photo Demo.app */;
			productType = "com.apple.product-type.application";
		};
		463A92161E23213F005F7B52 /* Photo DemoTests */ = {
			isa = PBXNativeTarget;
			buildConfigurationList = 463A922E1E23213F005F7B52 /* Build configuration list for PBXNativeTarget "Photo DemoTests" */;
			buildPhases = (
				463A92131E23213F005F7B52 /* Sources */,
				463A92141E23213F005F7B52 /* Frameworks */,
				463A92151E23213F005F7B52 /* Resources */,
			);
			buildRules = (
			);
			dependencies = (
				463A92191E23213F005F7B52 /* PBXTargetDependency */,
			);
			name = "Photo DemoTests";
			productName = "Photo DemoTests";
			productReference = 463A92171E23213F005F7B52 /* Photo DemoTests.xctest */;
			productType = "com.apple.product-type.bundle.unit-test";
		};
		463A92211E23213F005F7B52 /* Photo DemoUITests */ = {
			isa = PBXNativeTarget;
			buildConfigurationList = 463A92311E23213F005F7B52 /* Build configuration list for PBXNativeTarget "Photo DemoUITests" */;
			buildPhases = (
				463A921E1E23213F005F7B52 /* Sources */,
				463A921F1E23213F005F7B52 /* Frameworks */,
				463A92201E23213F005F7B52 /* Resources */,
			);
			buildRules = (
			);
			dependencies = (
				463A92241E23213F005F7B52 /* PBXTargetDependency */,
			);
			name = "Photo DemoUITests";
			productName = "Photo DemoUITests";
			productReference = 463A92221E23213F005F7B52 /* Photo DemoUITests.xctest */;
			productType = "com.apple.product-type.bundle.ui-testing";
		};
/* End PBXNativeTarget section */

/* Begin PBXProject section */
		463A91FB1E23213F005F7B52 /* Project object */ = {
			isa = PBXProject;
			attributes = {
				LastSwiftUpdateCheck = 0820;
				LastUpgradeCheck = 0820;
				ORGANIZATIONNAME = "Sergio Díaz Navarro";
				TargetAttributes = {
					463A92021E23213F005F7B52 = {
						CreatedOnToolsVersion = 8.2.1;
						DevelopmentTeam = 5D6S47J43L;
						ProvisioningStyle = Automatic;
					};
					463A92161E23213F005F7B52 = {
						CreatedOnToolsVersion = 8.2.1;
						ProvisioningStyle = Automatic;
						TestTargetID = 463A92021E23213F005F7B52;
					};
					463A92211E23213F005F7B52 = {
						CreatedOnToolsVersion = 8.2.1;
						ProvisioningStyle = Automatic;
						TestTargetID = 463A92021E23213F005F7B52;
					};
				};
			};
			buildConfigurationList = 463A91FE1E23213F005F7B52 /* Build configuration list for PBXProject "Photo Demo" */;
			compatibilityVersion = "Xcode 3.2";
			developmentRegion = English;
			hasScannedForEncodings = 0;
			knownRegions = (
				en,
				Base,
			);
			mainGroup = 463A91FA1E23213F005F7B52;
			productRefGroup = 463A92041E23213F005F7B52 /* Products */;
			projectDirPath = "";
			projectRoot = "";
			targets = (
				463A92021E23213F005F7B52 /* Photo Demo */,
				463A92161E23213F005F7B52 /* Photo DemoTests */,
				463A92211E23213F005F7B52 /* Photo DemoUITests */,
			);
		};
/* End PBXProject section */

/* Begin PBXResourcesBuildPhase section */
		463A92011E23213F005F7B52 /* Resources */ = {
			isa = PBXResourcesBuildPhase;
			buildActionMask = 2147483647;
			files = (
				463A92111E23213F005F7B52 /* LaunchScreen.storyboard in Resources */,
				463A920E1E23213F005F7B52 /* Assets.xcassets in Resources */,
				463A920C1E23213F005F7B52 /* Main.storyboard in Resources */,
			);
			runOnlyForDeploymentPostprocessing = 0;
		};
		463A92151E23213F005F7B52 /* Resources */ = {
			isa = PBXResourcesBuildPhase;
			buildActionMask = 2147483647;
			files = (
			);
			runOnlyForDeploymentPostprocessing = 0;
		};
		463A92201E23213F005F7B52 /* Resources */ = {
			isa = PBXResourcesBuildPhase;
			buildActionMask = 2147483647;
			files = (
			);
			runOnlyForDeploymentPostprocessing = 0;
		};
/* End PBXResourcesBuildPhase section */

/* Begin PBXSourcesBuildPhase section */
		463A91FF1E23213F005F7B52 /* Sources */ = {
			isa = PBXSourcesBuildPhase;
			buildActionMask = 2147483647;
			files = (
				463A92091E23213F005F7B52 /* ViewController.swift in Sources */,
				463A92071E23213F005F7B52 /* AppDelegate.swift in Sources */,
			);
			runOnlyForDeploymentPostprocessing = 0;
		};
		463A92131E23213F005F7B52 /* Sources */ = {
			isa = PBXSourcesBuildPhase;
			buildActionMask = 2147483647;
			files = (
				463A921C1E23213F005F7B52 /* Photo_DemoTests.swift in Sources */,
			);
			runOnlyForDeploymentPostprocessing = 0;
		};
		463A921E1E23213F005F7B52 /* Sources */ = {
			isa = PBXSourcesBuildPhase;
			buildActionMask = 2147483647;
			files = (
				463A92271E23213F005F7B52 /* Photo_DemoUITests.swift in Sources */,
			);
			runOnlyForDeploymentPostprocessing = 0;
		};
/* End PBXSourcesBuildPhase section */

/* Begin PBXTargetDependency section */
		463A92191E23213F005F7B52 /* PBXTargetDependency */ = {
			isa = PBXTargetDependency;
			target = 463A92021E23213F005F7B52 /* Photo Demo */;
			targetProxy = 463A92181E23213F005F7B52 /* PBXContainerItemProxy */;
		};
		463A92241E23213F005F7B52 /* PBXTargetDependency */ = {
			isa = PBXTargetDependency;
			target = 463A92021E23213F005F7B52 /* Photo Demo */;
			targetProxy = 463A92231E23213F005F7B52 /* PBXContainerItemProxy */;
		};
/* End PBXTargetDependency section */

/* Begin PBXVariantGroup section */
		463A920A1E23213F005F7B52 /* Main.storyboard */ = {
			isa = PBXVariantGroup;
			children = (
				463A920B1E23213F005F7B52 /* Base */,
			);
			name = Main.storyboard;
			sourceTree = "<group>";
		};
		463A920F1E23213F005F7B52 /* LaunchScreen.storyboard */ = {
			isa = PBXVariantGroup;
			children = (
				463A92101E23213F005F7B52 /* Base */,
			);
			name = LaunchScreen.storyboard;
			sourceTree = "<group>";
		};
/* End PBXVariantGroup section */

/* Begin XCBuildConfiguration section */
		463A92291E23213F005F7B52 /* Debug */ = {
			isa = XCBuildConfiguration;
			buildSettings = {
				ALWAYS_SEARCH_USER_PATHS = NO;
				CLANG_ANALYZER_NONNULL = YES;
				CLANG_CXX_LANGUAGE_STANDARD = "gnu++0x";
				CLANG_CXX_LIBRARY = "libc++";
				CLANG_ENABLE_MODULES = YES;
				CLANG_ENABLE_OBJC_ARC = YES;
				CLANG_WARN_BOOL_CONVERSION = YES;
				CLANG_WARN_CONSTANT_CONVERSION = YES;
				CLANG_WARN_DIRECT_OBJC_ISA_USAGE = YES_ERROR;
				CLANG_WARN_DOCUMENTATION_COMMENTS = YES;
				CLANG_WARN_EMPTY_BODY = YES;
				CLANG_WARN_ENUM_CONVERSION = YES;
				CLANG_WARN_INFINITE_RECURSION = YES;
				CLANG_WARN_INT_CONVERSION = YES;
				CLANG_WARN_OBJC_ROOT_CLASS = YES_ERROR;
				CLANG_WARN_SUSPICIOUS_MOVE = YES;
				CLANG_WARN_UNREACHABLE_CODE = YES;
				CLANG_WARN__DUPLICATE_METHOD_MATCH = YES;
				"CODE_SIGN_IDENTITY[sdk=iphoneos*]" = "iPhone Developer";
				COPY_PHASE_STRIP = NO;
				DEBUG_INFORMATION_FORMAT = dwarf;
				ENABLE_STRICT_OBJC_MSGSEND = YES;
				ENABLE_TESTABILITY = YES;
				GCC_C_LANGUAGE_STANDARD = gnu99;
				GCC_DYNAMIC_NO_PIC = NO;
				GCC_NO_COMMON_BLOCKS = YES;
				GCC_OPTIMIZATION_LEVEL = 0;
				GCC_PREPROCESSOR_DEFINITIONS = (
					"DEBUG=1",
					"$(inherited)",
				);
				GCC_WARN_64_TO_32_BIT_CONVERSION = YES;
				GCC_WARN_ABOUT_RETURN_TYPE = YES_ERROR;
				GCC_WARN_UNDECLARED_SELECTOR = YES;
				GCC_WARN_UNINITIALIZED_AUTOS = YES_AGGRESSIVE;
				GCC_WARN_UNUSED_FUNCTION = YES;
				GCC_WARN_UNUSED_VARIABLE = YES;
				IPHONEOS_DEPLOYMENT_TARGET = 10.2;
				MTL_ENABLE_DEBUG_INFO = YES;
				ONLY_ACTIVE_ARCH = YES;
				SDKROOT = iphoneos;
				SWIFT_ACTIVE_COMPILATION_CONDITIONS = DEBUG;
				SWIFT_OPTIMIZATION_LEVEL = "-Onone";
			};
			name = Debug;
		};
		463A922A1E23213F005F7B52 /* Release */ = {
			isa = XCBuildConfiguration;
			buildSettings = {
				ALWAYS_SEARCH_USER_PATHS = NO;
				CLANG_ANALYZER_NONNULL = YES;
				CLANG_CXX_LANGUAGE_STANDARD = "gnu++0x";
				CLANG_CXX_LIBRARY = "libc++";
				CLANG_ENABLE_MODULES = YES;
				CLANG_ENABLE_OBJC_ARC = YES;
				CLANG_WARN_BOOL_CONVERSION = YES;
				CLANG_WARN_CONSTANT_CONVERSION = YES;
				CLANG_WARN_DIRECT_OBJC_ISA_USAGE = YES_ERROR;
				CLANG_WARN_DOCUMENTATION_COMMENTS = YES;
				CLANG_WARN_EMPTY_BODY = YES;
				CLANG_WARN_ENUM_CONVERSION = YES;
				CLANG_WARN_INFINITE_RECURSION = YES;
				CLANG_WARN_INT_CONVERSION = YES;
				CLANG_WARN_OBJC_ROOT_CLASS = YES_ERROR;
				CLANG_WARN_SUSPICIOUS_MOVE = YES;
				CLANG_WARN_UNREACHABLE_CODE = YES;
				CLANG_WARN__DUPLICATE_METHOD_MATCH = YES;
				"CODE_SIGN_IDENTITY[sdk=iphoneos*]" = "iPhone Developer";
				COPY_PHASE_STRIP = NO;
				DEBUG_INFORMATION_FORMAT = "dwarf-with-dsym";
				ENABLE_NS_ASSERTIONS = NO;
				ENABLE_STRICT_OBJC_MSGSEND = YES;
				GCC_C_LANGUAGE_STANDARD = gnu99;
				GCC_NO_COMMON_BLOCKS = YES;
				GCC_WARN_64_TO_32_BIT_CONVERSION = YES;
				GCC_WARN_ABOUT_RETURN_TYPE = YES_ERROR;
				GCC_WARN_UNDECLARED_SELECTOR = YES;
				GCC_WARN_UNINITIALIZED_AUTOS = YES_AGGRESSIVE;
				GCC_WARN_UNUSED_FUNCTION = YES;
				GCC_WARN_UNUSED_VARIABLE = YES;
				IPHONEOS_DEPLOYMENT_TARGET = 10.2;
				MTL_ENABLE_DEBUG_INFO = NO;
				SDKROOT = iphoneos;
				SWIFT_OPTIMIZATION_LEVEL = "-Owholemodule";
				VALIDATE_PRODUCT = YES;
			};
			name = Release;
		};
		463A922C1E23213F005F7B52 /* Debug */ = {
			isa = XCBuildConfiguration;
			buildSettings = {
				ASSETCATALOG_COMPILER_APPICON_NAME = AppIcon;
				DEVELOPMENT_TEAM = 5D6S47J43L;
				INFOPLIST_FILE = "Photo Demo/Info.plist";
				LD_RUNPATH_SEARCH_PATHS = "$(inherited) @executable_path/Frameworks";
				PRODUCT_BUNDLE_IDENTIFIER = "sdn.Photo-Demo";
				PRODUCT_NAME = "$(TARGET_NAME)";
				SWIFT_VERSION = 3.0;
			};
			name = Debug;
		};
		463A922D1E23213F005F7B52 /* Release */ = {
			isa = XCBuildConfiguration;
			buildSettings = {
				ASSETCATALOG_COMPILER_APPICON_NAME = AppIcon;
				DEVELOPMENT_TEAM = 5D6S47J43L;
				INFOPLIST_FILE = "Photo Demo/Info.plist";
				LD_RUNPATH_SEARCH_PATHS = "$(inherited) @executable_path/Frameworks";
				PRODUCT_BUNDLE_IDENTIFIER = "sdn.Photo-Demo";
				PRODUCT_NAME = "$(TARGET_NAME)";
				SWIFT_VERSION = 3.0;
			};
			name = Release;
		};
		463A922F1E23213F005F7B52 /* Debug */ = {
			isa = XCBuildConfiguration;
			buildSettings = {
				ALWAYS_EMBED_SWIFT_STANDARD_LIBRARIES = YES;
				BUNDLE_LOADER = "$(TEST_HOST)";
				INFOPLIST_FILE = "Photo DemoTests/Info.plist";
				LD_RUNPATH_SEARCH_PATHS = "$(inherited) @executable_path/Frameworks @loader_path/Frameworks";
				PRODUCT_BUNDLE_IDENTIFIER = "sdn.Photo-DemoTests";
				PRODUCT_NAME = "$(TARGET_NAME)";
				SWIFT_VERSION = 3.0;
				TEST_HOST = "$(BUILT_PRODUCTS_DIR)/Photo Demo.app/Photo Demo";
			};
			name = Debug;
		};
		463A92301E23213F005F7B52 /* Release */ = {
			isa = XCBuildConfiguration;
			buildSettings = {
				ALWAYS_EMBED_SWIFT_STANDARD_LIBRARIES = YES;
				BUNDLE_LOADER = "$(TEST_HOST)";
				INFOPLIST_FILE = "Photo DemoTests/Info.plist";
				LD_RUNPATH_SEARCH_PATHS = "$(inherited) @executable_path/Frameworks @loader_path/Frameworks";
				PRODUCT_BUNDLE_IDENTIFIER = "sdn.Photo-DemoTests";
				PRODUCT_NAME = "$(TARGET_NAME)";
				SWIFT_VERSION = 3.0;
				TEST_HOST = "$(BUILT_PRODUCTS_DIR)/Photo Demo.app/Photo Demo";
			};
			name = Release;
		};
		463A92321E23213F005F7B52 /* Debug */ = {
			isa = XCBuildConfiguration;
			buildSettings = {
				ALWAYS_EMBED_SWIFT_STANDARD_LIBRARIES = YES;
				INFOPLIST_FILE = "Photo DemoUITests/Info.plist";
				LD_RUNPATH_SEARCH_PATHS = "$(inherited) @executable_path/Frameworks @loader_path/Frameworks";
				PRODUCT_BUNDLE_IDENTIFIER = "sdn.Photo-DemoUITests";
				PRODUCT_NAME = "$(TARGET_NAME)";
				SWIFT_VERSION = 3.0;
				TEST_TARGET_NAME = "Photo Demo";
			};
			name = Debug;
		};
		463A92331E23213F005F7B52 /* Release */ = {
			isa = XCBuildConfiguration;
			buildSettings = {
				ALWAYS_EMBED_SWIFT_STANDARD_LIBRARIES = YES;
				INFOPLIST_FILE = "Photo DemoUITests/Info.plist";
				LD_RUNPATH_SEARCH_PATHS = "$(inherited) @executable_path/Frameworks @loader_path/Frameworks";
				PRODUCT_BUNDLE_IDENTIFIER = "sdn.Photo-DemoUITests";
				PRODUCT_NAME = "$(TARGET_NAME)";
				SWIFT_VERSION = 3.0;
				TEST_TARGET_NAME = "Photo Demo";
			};
			name = Release;
		};
/* End XCBuildConfiguration section */

/* Begin XCConfigurationList section */
		463A91FE1E23213F005F7B52 /* Build configuration list for PBXProject "Photo Demo" */ = {
			isa = XCConfigurationList;
			buildConfigurations = (
				463A92291E23213F005F7B52 /* Debug */,
				463A922A1E23213F005F7B52 /* Release */,
			);
			defaultConfigurationIsVisible = 0;
			defaultConfigurationName = Release;
		};
		463A922B1E23213F005F7B52 /* Build configuration list for PBXNativeTarget "Photo Demo" */ = {
			isa = XCConfigurationList;
			buildConfigurations = (
				463A922C1E23213F005F7B52 /* Debug */,
				463A922D1E23213F005F7B52 /* Release */,
			);
			defaultConfigurationIsVisible = 0;
		};
		463A922E1E23213F005F7B52 /* Build configuration list for PBXNativeTarget "Photo DemoTests" */ = {
			isa = XCConfigurationList;
			buildConfigurations = (
				463A922F1E23213F005F7B52 /* Debug */,
				463A92301E23213F005F7B52 /* Release */,
			);
			defaultConfigurationIsVisible = 0;
		};
		463A92311E23213F005F7B52 /* Build configuration list for PBXNativeTarget "Photo DemoUITests" */ = {
			isa = XCConfigurationList;
			buildConfigurations = (
				463A92321E23213F005F7B52 /* Debug */,
				463A92331E23213F005F7B52 /* Release */,
			);
			defaultConfigurationIsVisible = 0;
		};
/* End XCConfigurationList section */
	};
	rootObject = 463A91FB1E23213F005F7B52 /* Project object */;
}
