// !$*UTF8*$!
{
	archiveVersion = 1;
	classes = {
	};
	objectVersion = 46;
	objects = {

/* Begin PBXBuildFile section */
		466CF7831E242E020041DB72 /* AppDelegate.swift in Sources */ = {isa = PBXBuildFile; fileRef = 466CF7821E242E020041DB72 /* AppDelegate.swift */; };
		466CF7851E242E020041DB72 /* ViewController.swift in Sources */ = {isa = PBXBuildFile; fileRef = 466CF7841E242E020041DB72 /* ViewController.swift */; };
		466CF7881E242E020041DB72 /* Main.storyboard in Resources */ = {isa = PBXBuildFile; fileRef = 466CF7861E242E020041DB72 /* Main.storyboard */; };
		466CF78A1E242E020041DB72 /* Assets.xcassets in Resources */ = {isa = PBXBuildFile; fileRef = 466CF7891E242E020041DB72 /* Assets.xcassets */; };
		466CF78D1E242E020041DB72 /* LaunchScreen.storyboard in Resources */ = {isa = PBXBuildFile; fileRef = 466CF78B1E242E020041DB72 /* LaunchScreen.storyboard */; };
/* End PBXBuildFile section */

/* Begin PBXFileReference section */
		466CF77F1E242E020041DB72 /* Spinners and Alerts.app */ = {isa = PBXFileReference; explicitFileType = wrapper.application; includeInIndex = 0; path = "Spinners and Alerts.app"; sourceTree = BUILT_PRODUCTS_DIR; };
		466CF7821E242E020041DB72 /* AppDelegate.swift */ = {isa = PBXFileReference; lastKnownFileType = sourcecode.swift; path = AppDelegate.swift; sourceTree = "<group>"; };
		466CF7841E242E020041DB72 /* ViewController.swift */ = {isa = PBXFileReference; lastKnownFileType = sourcecode.swift; path = ViewController.swift; sourceTree = "<group>"; };
		466CF7871E242E020041DB72 /* Base */ = {isa = PBXFileReference; lastKnownFileType = file.storyboard; name = Base; path = Base.lproj/Main.storyboard; sourceTree = "<group>"; };
		466CF7891E242E020041DB72 /* Assets.xcassets */ = {isa = PBXFileReference; lastKnownFileType = folder.assetcatalog; path = Assets.xcassets; sourceTree = "<group>"; };
		466CF78C1E242E020041DB72 /* Base */ = {isa = PBXFileReference; lastKnownFileType = file.storyboard; name = Base; path = Base.lproj/LaunchScreen.storyboard; sourceTree = "<group>"; };
		466CF78E1E242E020041DB72 /* Info.plist */ = {isa = PBXFileReference; lastKnownFileType = text.plist.xml; path = Info.plist; sourceTree = "<group>"; };
/* End PBXFileReference section */

/* Begin PBXFrameworksBuildPhase section */
		466CF77C1E242E020041DB72 /* Frameworks */ = {
			isa = PBXFrameworksBuildPhase;
			buildActionMask = 2147483647;
			files = (
			);
			runOnlyForDeploymentPostprocessing = 0;
		};
/* End PBXFrameworksBuildPhase section */

/* Begin PBXGroup section */
		466CF7761E242E020041DB72 = {
			isa = PBXGroup;
			children = (
				466CF7811E242E020041DB72 /* Spinners and Alerts */,
				466CF7801E242E020041DB72 /* Products */,
			);
			sourceTree = "<group>";
		};
		466CF7801E242E020041DB72 /* Products */ = {
			isa = PBXGroup;
			children = (
				466CF77F1E242E020041DB72 /* Spinners and Alerts.app */,
			);
			name = Products;
			sourceTree = "<group>";
		};
		466CF7811E242E020041DB72 /* Spinners and Alerts */ = {
			isa = PBXGroup;
			children = (
				466CF7821E242E020041DB72 /* AppDelegate.swift */,
				466CF7841E242E020041DB72 /* ViewController.swift */,
				466CF7861E242E020041DB72 /* Main.storyboard */,
				466CF7891E242E020041DB72 /* Assets.xcassets */,
				466CF78B1E242E020041DB72 /* LaunchScreen.storyboard */,
				466CF78E1E242E020041DB72 /* Info.plist */,
			);
			path = "Spinners and Alerts";
			sourceTree = "<group>";
		};
/* End PBXGroup section */

/* Begin PBXNativeTarget section */
		466CF77E1E242E020041DB72 /* Spinners and Alerts */ = {
			isa = PBXNativeTarget;
			buildConfigurationList = 466CF7911E242E020041DB72 /* Build configuration list for PBXNativeTarget "Spinners and Alerts" */;
			buildPhases = (
				466CF77B1E242E020041DB72 /* Sources */,
				466CF77C1E242E020041DB72 /* Frameworks */,
				466CF77D1E242E020041DB72 /* Resources */,
			);
			buildRules = (
			);
			dependencies = (
			);
			name = "Spinners and Alerts";
			productName = "Spinners and Alerts";
			productReference = 466CF77F1E242E020041DB72 /* Spinners and Alerts.app */;
			productType = "com.apple.product-type.application";
		};
/* End PBXNativeTarget section */

/* Begin PBXProject section */
		466CF7771E242E020041DB72 /* Project object */ = {
			isa = PBXProject;
			attributes = {
				LastSwiftUpdateCheck = 0820;
				LastUpgradeCheck = 0820;
				ORGANIZATIONNAME = "Sergio Díaz Navarro";
				TargetAttributes = {
					466CF77E1E242E020041DB72 = {
						CreatedOnToolsVersion = 8.2.1;
						ProvisioningStyle = Automatic;
					};
				};
			};
			buildConfigurationList = 466CF77A1E242E020041DB72 /* Build configuration list for PBXProject "Spinners and Alerts" */;
			compatibilityVersion = "Xcode 3.2";
			developmentRegion = English;
			hasScannedForEncodings = 0;
			knownRegions = (
				en,
				Base,
			);
			mainGroup = 466CF7761E242E020041DB72;
			productRefGroup = 466CF7801E242E020041DB72 /* Products */;
			projectDirPath = "";
			projectRoot = "";
			targets = (
				466CF77E1E242E020041DB72 /* Spinners and Alerts */,
			);
		};
/* End PBXProject section */

/* Begin PBXResourcesBuildPhase section */
		466CF77D1E242E020041DB72 /* Resources */ = {
			isa = PBXResourcesBuildPhase;
			buildActionMask = 2147483647;
			files = (
				466CF78D1E242E020041DB72 /* LaunchScreen.storyboard in Resources */,
				466CF78A1E242E020041DB72 /* Assets.xcassets in Resources */,
				466CF7881E242E020041DB72 /* Main.storyboard in Resources */,
			);
			runOnlyForDeploymentPostprocessing = 0;
		};
/* End PBXResourcesBuildPhase section */

/* Begin PBXSourcesBuildPhase section */
		466CF77B1E242E020041DB72 /* Sources */ = {
			isa = PBXSourcesBuildPhase;
			buildActionMask = 2147483647;
			files = (
				466CF7851E242E020041DB72 /* ViewController.swift in Sources */,
				466CF7831E242E020041DB72 /* AppDelegate.swift in Sources */,
			);
			runOnlyForDeploymentPostprocessing = 0;
		};
/* End PBXSourcesBuildPhase section */

/* Begin PBXVariantGroup section */
		466CF7861E242E020041DB72 /* Main.storyboard */ = {
			isa = PBXVariantGroup;
			children = (
				466CF7871E242E020041DB72 /* Base */,
			);
			name = Main.storyboard;
			sourceTree = "<group>";
		};
		466CF78B1E242E020041DB72 /* LaunchScreen.storyboard */ = {
			isa = PBXVariantGroup;
			children = (
				466CF78C1E242E020041DB72 /* Base */,
			);
			name = LaunchScreen.storyboard;
			sourceTree = "<group>";
		};
/* End PBXVariantGroup section */

/* Begin XCBuildConfiguration section */
		466CF78F1E242E020041DB72 /* Debug */ = {
			isa = XCBuildConfiguration;
			buildSettings = {
				ALWAYS_SEARCH_USER_PATHS = NO;
				CLANG_ANALYZER_NONNULL = YES;
				CLANG_CXX_LANGUAGE_STANDARD = "gnu++0x";
				CLANG_CXX_LIBRARY = "libc++";
				CLANG_ENABLE_MODULES = YES;
				CLANG_ENABLE_OBJC_ARC = YES;
				CLANG_WARN_BOOL_CONVERSION = YES;
				CLANG_WARN_CONSTANT_CONVERSION = YES;
				CLANG_WARN_DIRECT_OBJC_ISA_USAGE = YES_ERROR;
				CLANG_WARN_DOCUMENTATION_COMMENTS = YES;
				CLANG_WARN_EMPTY_BODY = YES;
				CLANG_WARN_ENUM_CONVERSION = YES;
				CLANG_WARN_INFINITE_RECURSION = YES;
				CLANG_WARN_INT_CONVERSION = YES;
				CLANG_WARN_OBJC_ROOT_CLASS = YES_ERROR;
				CLANG_WARN_SUSPICIOUS_MOVE = YES;
				CLANG_WARN_UNREACHABLE_CODE = YES;
				CLANG_WARN__DUPLICATE_METHOD_MATCH = YES;
				"CODE_SIGN_IDENTITY[sdk=iphoneos*]" = "iPhone Developer";
				COPY_PHASE_STRIP = NO;
				DEBUG_INFORMATION_FORMAT = dwarf;
				ENABLE_STRICT_OBJC_MSGSEND = YES;
				ENABLE_TESTABILITY = YES;
				GCC_C_LANGUAGE_STANDARD = gnu99;
				GCC_DYNAMIC_NO_PIC = NO;
				GCC_NO_COMMON_BLOCKS = YES;
				GCC_OPTIMIZATION_LEVEL = 0;
				GCC_PREPROCESSOR_DEFINITIONS = (
					"DEBUG=1",
					"$(inherited)",
				);
				GCC_WARN_64_TO_32_BIT_CONVERSION = YES;
				GCC_WARN_ABOUT_RETURN_TYPE = YES_ERROR;
				GCC_WARN_UNDECLARED_SELECTOR = YES;
				GCC_WARN_UNINITIALIZED_AUTOS = YES_AGGRESSIVE;
				GCC_WARN_UNUSED_FUNCTION = YES;
				GCC_WARN_UNUSED_VARIABLE = YES;
				IPHONEOS_DEPLOYMENT_TARGET = 10.2;
				MTL_ENABLE_DEBUG_INFO = YES;
				ONLY_ACTIVE_ARCH = YES;
				SDKROOT = iphoneos;
				SWIFT_ACTIVE_COMPILATION_CONDITIONS = DEBUG;
				SWIFT_OPTIMIZATION_LEVEL = "-Onone";
			};
			name = Debug;
		};
		466CF7901E242E020041DB72 /* Release */ = {
			isa = XCBuildConfiguration;
			buildSettings = {
				ALWAYS_SEARCH_USER_PATHS = NO;
				CLANG_ANALYZER_NONNULL = YES;
				CLANG_CXX_LANGUAGE_STANDARD = "gnu++0x";
				CLANG_CXX_LIBRARY = "libc++";
				CLANG_ENABLE_MODULES = YES;
				CLANG_ENABLE_OBJC_ARC = YES;
				CLANG_WARN_BOOL_CONVERSION = YES;
				CLANG_WARN_CONSTANT_CONVERSION = YES;
				CLANG_WARN_DIRECT_OBJC_ISA_USAGE = YES_ERROR;
				CLANG_WARN_DOCUMENTATION_COMMENTS = YES;
				CLANG_WARN_EMPTY_BODY = YES;
				CLANG_WARN_ENUM_CONVERSION = YES;
				CLANG_WARN_INFINITE_RECURSION = YES;
				CLANG_WARN_INT_CONVERSION = YES;
				CLANG_WARN_OBJC_ROOT_CLASS = YES_ERROR;
				CLANG_WARN_SUSPICIOUS_MOVE = YES;
				CLANG_WARN_UNREACHABLE_CODE = YES;
				CLANG_WARN__DUPLICATE_METHOD_MATCH = YES;
				"CODE_SIGN_IDENTITY[sdk=iphoneos*]" = "iPhone Developer";
				COPY_PHASE_STRIP = NO;
				DEBUG_INFORMATION_FORMAT = "dwarf-with-dsym";
				ENABLE_NS_ASSERTIONS = NO;
				ENABLE_STRICT_OBJC_MSGSEND = YES;
				GCC_C_LANGUAGE_STANDARD = gnu99;
				GCC_NO_COMMON_BLOCKS = YES;
				GCC_WARN_64_TO_32_BIT_CONVERSION = YES;
				GCC_WARN_ABOUT_RETURN_TYPE = YES_ERROR;
				GCC_WARN_UNDECLARED_SELECTOR = YES;
				GCC_WARN_UNINITIALIZED_AUTOS = YES_AGGRESSIVE;
				GCC_WARN_UNUSED_FUNCTION = YES;
				GCC_WARN_UNUSED_VARIABLE = YES;
				IPHONEOS_DEPLOYMENT_TARGET = 10.2;
				MTL_ENABLE_DEBUG_INFO = NO;
				SDKROOT = iphoneos;
				SWIFT_OPTIMIZATION_LEVEL = "-Owholemodule";
				VALIDATE_PRODUCT = YES;
			};
			name = Release;
		};
		466CF7921E242E020041DB72 /* Debug */ = {
			isa = XCBuildConfiguration;
			buildSettings = {
				ASSETCATALOG_COMPILER_APPICON_NAME = AppIcon;
				INFOPLIST_FILE = "Spinners and Alerts/Info.plist";
				LD_RUNPATH_SEARCH_PATHS = "$(inherited) @executable_path/Frameworks";
				PRODUCT_BUNDLE_IDENTIFIER = "sdn.Spinners-and-Alerts";
				PRODUCT_NAME = "$(TARGET_NAME)";
				SWIFT_VERSION = 3.0;
			};
			name = Debug;
		};
		466CF7931E242E020041DB72 /* Release */ = {
			isa = XCBuildConfiguration;
			buildSettings = {
				ASSETCATALOG_COMPILER_APPICON_NAME = AppIcon;
				INFOPLIST_FILE = "Spinners and Alerts/Info.plist";
				LD_RUNPATH_SEARCH_PATHS = "$(inherited) @executable_path/Frameworks";
				PRODUCT_BUNDLE_IDENTIFIER = "sdn.Spinners-and-Alerts";
				PRODUCT_NAME = "$(TARGET_NAME)";
				SWIFT_VERSION = 3.0;
			};
			name = Release;
		};
/* End XCBuildConfiguration section */

/* Begin XCConfigurationList section */
		466CF77A1E242E020041DB72 /* Build configuration list for PBXProject "Spinners and Alerts" */ = {
			isa = XCConfigurationList;
			buildConfigurations = (
				466CF78F1E242E020041DB72 /* Debug */,
				466CF7901E242E020041DB72 /* Release */,
			);
			defaultConfigurationIsVisible = 0;
			defaultConfigurationName = Release;
		};
		466CF7911E242E020041DB72 /* Build configuration list for PBXNativeTarget "Spinners and Alerts" */ = {
			isa = XCConfigurationList;
			buildConfigurations = (
				466CF7921E242E020041DB72 /* Debug */,
				466CF7931E242E020041DB72 /* Release */,
			);
			defaultConfigurationIsVisible = 0;
		};
/* End XCConfigurationList section */
	};
	rootObject = 466CF7771E242E020041DB72 /* Project object */;
}
